Microsoft Visual Studio Solution File, Format Version 11.00
# Visual Studio 2010
Project("{8BC9CEB8-8B4A-11D0-8D11-00A0C91BC942}") = "GeometryForFun", "GeometryForFun.vcxproj", "{3B3A3974-1825-4FE9-BEE6-27D8F049ADB4}"
EndProject
Project("{8BC9CEB8-8B4A-11D0-8D11-00A0C91BC942}") = "CoordinateSys", "CoordinateSys\CoordinateSys.vcxproj", "{249DABD3-6903-45B9-8A3D-FA6B3BAE9931}"
EndProject
Global
	GlobalSection(SolutionConfigurationPlatforms) = preSolution
		Debug|Win32 = Debug|Win32
		Release|Win32 = Release|Win32
	EndGlobalSection
	GlobalSection(ProjectConfigurationPlatforms) = postSolution
		{3B3A3974-1825-4FE9-BEE6-27D8F049ADB4}.Debug|Win32.ActiveCfg = Debug|Win32
		{3B3A3974-1825-4FE9-BEE6-27D8F049ADB4}.Debug|Win32.Build.0 = Debug|Win32
		{3B3A3974-1825-4FE9-BEE6-27D8F049ADB4}.Release|Win32.ActiveCfg = Release|Win32
		{3B3A3974-1825-4FE9-BEE6-27D8F049ADB4}.Release|Win32.Build.0 = Release|Win32
		{249DABD3-6903-45B9-8A3D-FA6B3BAE9931}.Debug|Win32.ActiveCfg = Debug|Win32
		{249DABD3-6903-45B9-8A3D-FA6B3BAE9931}.Debug|Win32.Build.0 = Debug|Win32
		{249DABD3-6903-45B9-8A3D-FA6B3BAE9931}.Release|Win32.ActiveCfg = Release|Win32
		{249DABD3-6903-45B9-8A3D-FA6B3BAE9931}.Release|Win32.Build.0 = Release|Win32
	EndGlobalSection
	GlobalSection(SolutionProperties) = preSolution
		HideSolutionNode = FALSE
	EndGlobalSection
EndGlobal
